
Microsoft Visual Studio Solution File, Format Version 12.00
# Visual Studio 15
Project("{FAE04EC0-301F-11D3-BF4B-00C04F79EFBC}") = "AHBC_2019_Midterm_JulyBC", "AHBC_2019_Midterm_JulyBC.csproj", "{E35315BB-BB55-4F71-A551-0DF05F72CA71}"
EndProject
Global
	GlobalSection(SolutionConfigurationPlatforms) = preSolution
		Debug|Any CPU = Debug|Any CPU
		Release|Any CPU = Release|Any CPU
	EndGlobalSection
	GlobalSection(ProjectConfigurationPlatforms) = postSolution
		{E35315BB-BB55-4F71-A551-0DF05F72CA71}.Debug|Any CPU.ActiveCfg = Debug|Any CPU
		{E35315BB-BB55-4F71-A551-0DF05F72CA71}.Debug|Any CPU.Build.0 = Debug|Any CPU
		{E35315BB-BB55-4F71-A551-0DF05F72CA71}.Release|Any CPU.ActiveCfg = Release|Any CPU
		{E35315BB-BB55-4F71-A551-0DF05F72CA71}.Release|Any CPU.Build.0 = Release|Any CPU
	EndGlobalSection
EndGlobal
